{"1.1.0",
[{<<"certifi">>,{pkg,<<"certifi">>,<<"0.3.0">>},2},
 {<<"goldrush">>,{pkg,<<"goldrush">>,<<"0.1.8">>},1},
 {<<"hackney">>,{pkg,<<"hackney">>,<<"1.4.10">>},1},
 {<<"idna">>,{pkg,<<"idna">>,<<"1.1.0">>},2},
 {<<"jiffy">>,
  {git,"git://github.com/davisp/jiffy.git",
       {ref,"6fb6b0422826c4b9efa1b7ea2cad3ea18241cb08"}},
  0},
 {<<"lager">>,{pkg,<<"lager">>,<<"3.2.1">>},0},
 {<<"mimerl">>,{pkg,<<"mimerl">>,<<"1.0.2">>},2},
 {<<"neo4j">>,{pkg,<<"neo4j">>,<<"0.3.0">>},0},
 {<<"ssl_verify_hostname">>,{pkg,<<"ssl_verify_hostname">>,<<"1.0.5">>},2}]}.
[
{pkg_hash,[
 {<<"certifi">>, <<"389D4B126A47895FE96D65FCF8681F4D09ECA1153DC2243ED6BABAD0AAC1E763">>},
 {<<"goldrush">>, <<"2024BA375CEEA47E27EA70E14D2C483B2D8610101B4E852EF7F89163CDB6E649">>},
 {<<"hackney">>, <<"7DA877A7388A8BCC7D71253D4A38103C955333DD470A3AF5E47FA1AD8D5E3C23">>},
 {<<"idna">>, <<"B4315C6DA1C37DC8AB1DF3ED18796ECD5172C4165FB886F43732CE598D145B50">>},
 {<<"lager">>, <<"EEF4E18B39E4195D37606D9088EA05BF1B745986CF8EC84F01D332456FE88D17">>},
 {<<"mimerl">>, <<"993F9B0E084083405ED8252B99460C4F0563E41729AB42D9074FD5E52439BE88">>},
 {<<"neo4j">>, <<"812D51221D9146DD3EDB495DBA7FD6081931EAB3011DED155006DBC6F4286D1A">>},
 {<<"ssl_verify_hostname">>, <<"2E73E068CD6393526F9FA6D399353D7C9477D6886BA005F323B592D389FB47BE">>}]}
].
